
Microsoft Visual Studio Solution File, Format Version 12.00
# Visual Studio Version 17
VisualStudioVersion = 17.3.32922.545
MinimumVisualStudioVersion = 10.0.40219.1
Project("{FAE04EC0-301F-11D3-BF4B-00C04F79EFBC}") = "KlaseString", "KlaseString\KlaseString.csproj", "{3A00A099-E9A6-48B2-AE93-D84A94B1E72B}"
EndProject
Global
	GlobalSection(SolutionConfigurationPlatforms) = preSolution
		Debug|Any CPU = Debug|Any CPU
		Release|Any CPU = Release|Any CPU
	EndGlobalSection
	GlobalSection(ProjectConfigurationPlatforms) = postSolution
		{3A00A099-E9A6-48B2-AE93-D84A94B1E72B}.Debug|Any CPU.ActiveCfg = Debug|Any CPU
		{3A00A099-E9A6-48B2-AE93-D84A94B1E72B}.Debug|Any CPU.Build.0 = Debug|Any CPU
		{3A00A099-E9A6-48B2-AE93-D84A94B1E72B}.Release|Any CPU.ActiveCfg = Release|Any CPU
		{3A00A099-E9A6-48B2-AE93-D84A94B1E72B}.Release|Any CPU.Build.0 = Release|Any CPU
	EndGlobalSection
	GlobalSection(SolutionProperties) = preSolution
		HideSolutionNode = FALSE
	EndGlobalSection
	GlobalSection(ExtensibilityGlobals) = postSolution
		SolutionGuid = {7B6E9469-F7D7-4DC4-BFEA-60F77F55CD19}
	EndGlobalSection
EndGlobal
